
Microsoft Visual Studio Solution File, Format Version 12.00
# Visual Studio Version 16
VisualStudioVersion = 16.0.31702.278
MinimumVisualStudioVersion = 10.0.40219.1
Project("{9A19103F-16F7-4668-BE54-9A1E7A4F7556}") = "BookStore", "BookStore.csproj", "{7BE7267D-E907-4299-8CB8-EBAFE2C6ED4D}"
EndProject
Global
	GlobalSection(SolutionConfigurationPlatforms) = preSolution
		Debug|Any CPU = Debug|Any CPU
		Release|Any CPU = Release|Any CPU
	EndGlobalSection
	GlobalSection(ProjectConfigurationPlatforms) = postSolution
		{7BE7267D-E907-4299-8CB8-EBAFE2C6ED4D}.Debug|Any CPU.ActiveCfg = Debug|Any CPU
		{7BE7267D-E907-4299-8CB8-EBAFE2C6ED4D}.Debug|Any CPU.Build.0 = Debug|Any CPU
		{7BE7267D-E907-4299-8CB8-EBAFE2C6ED4D}.Release|Any CPU.ActiveCfg = Release|Any CPU
		{7BE7267D-E907-4299-8CB8-EBAFE2C6ED4D}.Release|Any CPU.Build.0 = Release|Any CPU
	EndGlobalSection
	GlobalSection(SolutionProperties) = preSolution
		HideSolutionNode = FALSE
	EndGlobalSection
	GlobalSection(ExtensibilityGlobals) = postSolution
		SolutionGuid = {859C03AF-C600-4CBB-A076-92B2C0D6224D}
	EndGlobalSection
EndGlobal
